// !$*UTF8*$!
{
	archiveVersion = 1;
	classes = {
	};
	objectVersion = 70;
	objects = {

/* Begin PBXContainerItemProxy section */
		96805D5A2D0CFB00001075B4 /* PBXContainerItemProxy */ = {
			isa = PBXContainerItemProxy;
			containerPortal = 96805D402D0CFAFE001075B4 /* Project object */;
			proxyType = 1;
			remoteGlobalIDString = 96805D472D0CFAFE001075B4;
			remoteInfo = MusicWall;
		};
		96805D642D0CFB00001075B4 /* PBXContainerItemProxy */ = {
			isa = PBXContainerItemProxy;
			containerPortal = 96805D402D0CFAFE001075B4 /* Project object */;
			proxyType = 1;
			remoteGlobalIDString = 96805D472D0CFAFE001075B4;
			remoteInfo = MusicWall;
		};
/* End PBXContainerItemProxy section */

/* Begin PBXFileReference section */
		96805D482D0CFAFE001075B4 /* MusicWall.app */ = {isa = PBXFileReference; explicitFileType = wrapper.application; includeInIndex = 0; path = MusicWall.app; sourceTree = BUILT_PRODUCTS_DIR; };
		96805D592D0CFB00001075B4 /* MusicWallTests.xctest */ = {isa = PBXFileReference; explicitFileType = wrapper.cfbundle; includeInIndex = 0; path = MusicWallTests.xctest; sourceTree = BUILT_PRODUCTS_DIR; };
		96805D632D0CFB00001075B4 /* MusicWallUITests.xctest */ = {isa = PBXFileReference; explicitFileType = wrapper.cfbundle; includeInIndex = 0; path = MusicWallUITests.xctest; sourceTree = BUILT_PRODUCTS_DIR; };
/* End PBXFileReference section */

/* Begin PBXFileSystemSynchronizedBuildFileExceptionSet section */
		96805D772D0CFC14001075B4 /* PBXFileSystemSynchronizedBuildFileExceptionSet */ = {
			isa = PBXFileSystemSynchronizedBuildFileExceptionSet;
			membershipExceptions = (
				Info.plist,
			);
			target = 96805D472D0CFAFE001075B4 /* MusicWall */;
		};
/* End PBXFileSystemSynchronizedBuildFileExceptionSet section */

/* Begin PBXFileSystemSynchronizedRootGroup section */
		96805D4A2D0CFAFE001075B4 /* MusicWall */ = {isa = PBXFileSystemSynchronizedRootGroup; exceptions = (96805D772D0CFC14001075B4 /* PBXFileSystemSynchronizedBuildFileExceptionSet */, ); explicitFileTypes = {}; explicitFolders = (); path = MusicWall; sourceTree = "<group>"; };
		96805D5C2D0CFB00001075B4 /* MusicWallTests */ = {isa = PBXFileSystemSynchronizedRootGroup; explicitFileTypes = {}; explicitFolders = (); path = MusicWallTests; sourceTree = "<group>"; };
		96805D662D0CFB00001075B4 /* MusicWallUITests */ = {isa = PBXFileSystemSynchronizedRootGroup; explicitFileTypes = {}; explicitFolders = (); path = MusicWallUITests; sourceTree = "<group>"; };
/* End PBXFileSystemSynchronizedRootGroup section */

/* Begin PBXFrameworksBuildPhase section */
		96805D452D0CFAFE001075B4 /* Frameworks */ = {
			isa = PBXFrameworksBuildPhase;
			buildActionMask = 2147483647;
			files = (
			);
			runOnlyForDeploymentPostprocessing = 0;
		};
		96805D562D0CFB00001075B4 /* Frameworks */ = {
			isa = PBXFrameworksBuildPhase;
			buildActionMask = 2147483647;
			files = (
			);
			runOnlyForDeploymentPostprocessing = 0;
		};
		96805D602D0CFB00001075B4 /* Frameworks */ = {
			isa = PBXFrameworksBuildPhase;
			buildActionMask = 2147483647;
			files = (
			);
			runOnlyForDeploymentPostprocessing = 0;
		};
/* End PBXFrameworksBuildPhase section */

/* Begin PBXGroup section */
		96805D3F2D0CFAFE001075B4 = {
			isa = PBXGroup;
			children = (
				96805D4A2D0CFAFE001075B4 /* MusicWall */,
				96805D5C2D0CFB00001075B4 /* MusicWallTests */,
				96805D662D0CFB00001075B4 /* MusicWallUITests */,
				96805D492D0CFAFE001075B4 /* Products */,
			);
			sourceTree = "<group>";
		};
		96805D492D0CFAFE001075B4 /* Products */ = {
			isa = PBXGroup;
			children = (
				96805D482D0CFAFE001075B4 /* MusicWall.app */,
				96805D592D0CFB00001075B4 /* MusicWallTests.xctest */,
				96805D632D0CFB00001075B4 /* MusicWallUITests.xctest */,
			);
			name = Products;
			sourceTree = "<group>";
		};
/* End PBXGroup section */

/* Begin PBXNativeTarget section */
		96805D472D0CFAFE001075B4 /* MusicWall */ = {
			isa = PBXNativeTarget;
			buildConfigurationList = 96805D6D2D0CFB00001075B4 /* Build configuration list for PBXNativeTarget "MusicWall" */;
			buildPhases = (
				96805D442D0CFAFE001075B4 /* Sources */,
				96805D452D0CFAFE001075B4 /* Frameworks */,
				96805D462D0CFAFE001075B4 /* Resources */,
			);
			buildRules = (
			);
			dependencies = (
			);
			fileSystemSynchronizedGroups = (
				96805D4A2D0CFAFE001075B4 /* MusicWall */,
			);
			name = MusicWall;
			packageProductDependencies = (
			);
			productName = MusicWall;
			productReference = 96805D482D0CFAFE001075B4 /* MusicWall.app */;
			productType = "com.apple.product-type.application";
		};
		96805D582D0CFB00001075B4 /* MusicWallTests */ = {
			isa = PBXNativeTarget;
			buildConfigurationList = 96805D702D0CFB00001075B4 /* Build configuration list for PBXNativeTarget "MusicWallTests" */;
			buildPhases = (
				96805D552D0CFB00001075B4 /* Sources */,
				96805D562D0CFB00001075B4 /* Frameworks */,
				96805D572D0CFB00001075B4 /* Resources */,
			);
			buildRules = (
			);
			dependencies = (
				96805D5B2D0CFB00001075B4 /* PBXTargetDependency */,
			);
			fileSystemSynchronizedGroups = (
				96805D5C2D0CFB00001075B4 /* MusicWallTests */,
			);
			name = MusicWallTests;
			packageProductDependencies = (
			);
			productName = MusicWallTests;
			productReference = 96805D592D0CFB00001075B4 /* MusicWallTests.xctest */;
			productType = "com.apple.product-type.bundle.unit-test";
		};
		96805D622D0CFB00001075B4 /* MusicWallUITests */ = {
			isa = PBXNativeTarget;
			buildConfigurationList = 96805D732D0CFB00001075B4 /* Build configuration list for PBXNativeTarget "MusicWallUITests" */;
			buildPhases = (
				96805D5F2D0CFB00001075B4 /* Sources */,
				96805D602D0CFB00001075B4 /* Frameworks */,
				96805D612D0CFB00001075B4 /* Resources */,
			);
			buildRules = (
			);
			dependencies = (
				96805D652D0CFB00001075B4 /* PBXTargetDependency */,
			);
			fileSystemSynchronizedGroups = (
				96805D662D0CFB00001075B4 /* MusicWallUITests */,
			);
			name = MusicWallUITests;
			packageProductDependencies = (
			);
			productName = MusicWallUITests;
			productReference = 96805D632D0CFB00001075B4 /* MusicWallUITests.xctest */;
			productType = "com.apple.product-type.bundle.ui-testing";
		};
/* End PBXNativeTarget section */

/* Begin PBXProject section */
		96805D402D0CFAFE001075B4 /* Project object */ = {
			isa = PBXProject;
			attributes = {
				BuildIndependentTargetsInParallel = 1;
				LastSwiftUpdateCheck = 1600;
				LastUpgradeCheck = 1600;
				TargetAttributes = {
					96805D472D0CFAFE001075B4 = {
						CreatedOnToolsVersion = 16.0;
					};
					96805D582D0CFB00001075B4 = {
						CreatedOnToolsVersion = 16.0;
						TestTargetID = 96805D472D0CFAFE001075B4;
					};
					96805D622D0CFB00001075B4 = {
						CreatedOnToolsVersion = 16.0;
						TestTargetID = 96805D472D0CFAFE001075B4;
					};
				};
			};
			buildConfigurationList = 96805D432D0CFAFE001075B4 /* Build configuration list for PBXProject "MusicWall" */;
			compatibilityVersion = "Xcode 15.0";
			developmentRegion = en;
			hasScannedForEncodings = 0;
			knownRegions = (
				en,
				Base,
			);
			mainGroup = 96805D3F2D0CFAFE001075B4;
			productRefGroup = 96805D492D0CFAFE001075B4 /* Products */;
			projectDirPath = "";
			projectRoot = "";
			targets = (
				96805D472D0CFAFE001075B4 /* MusicWall */,
				96805D582D0CFB00001075B4 /* MusicWallTests */,
				96805D622D0CFB00001075B4 /* MusicWallUITests */,
			);
		};
/* End PBXProject section */

/* Begin PBXResourcesBuildPhase section */
		96805D462D0CFAFE001075B4 /* Resources */ = {
			isa = PBXResourcesBuildPhase;
			buildActionMask = 2147483647;
			files = (
			);
			runOnlyForDeploymentPostprocessing = 0;
		};
		96805D572D0CFB00001075B4 /* Resources */ = {
			isa = PBXResourcesBuildPhase;
			buildActionMask = 2147483647;
			files = (
			);
			runOnlyForDeploymentPostprocessing = 0;
		};
		96805D612D0CFB00001075B4 /* Resources */ = {
			isa = PBXResourcesBuildPhase;
			buildActionMask = 2147483647;
			files = (
			);
			runOnlyForDeploymentPostprocessing = 0;
		};
/* End PBXResourcesBuildPhase section */

/* Begin PBXSourcesBuildPhase section */
		96805D442D0CFAFE001075B4 /* Sources */ = {
			isa = PBXSourcesBuildPhase;
			buildActionMask = 2147483647;
			files = (
			);
			runOnlyForDeploymentPostprocessing = 0;
		};
		96805D552D0CFB00001075B4 /* Sources */ = {
			isa = PBXSourcesBuildPhase;
			buildActionMask = 2147483647;
			files = (
			);
			runOnlyForDeploymentPostprocessing = 0;
		};
		96805D5F2D0CFB00001075B4 /* Sources */ = {
			isa = PBXSourcesBuildPhase;
			buildActionMask = 2147483647;
			files = (
			);
			runOnlyForDeploymentPostprocessing = 0;
		};
/* End PBXSourcesBuildPhase section */

/* Begin PBXTargetDependency section */
		96805D5B2D0CFB00001075B4 /* PBXTargetDependency */ = {
			isa = PBXTargetDependency;
			target = 96805D472D0CFAFE001075B4 /* MusicWall */;
			targetProxy = 96805D5A2D0CFB00001075B4 /* PBXContainerItemProxy */;
		};
		96805D652D0CFB00001075B4 /* PBXTargetDependency */ = {
			isa = PBXTargetDependency;
			target = 96805D472D0CFAFE001075B4 /* MusicWall */;
			targetProxy = 96805D642D0CFB00001075B4 /* PBXContainerItemProxy */;
		};
/* End PBXTargetDependency section */

/* Begin XCBuildConfiguration section */
		96805D6B2D0CFB00001075B4 /* Debug */ = {
			isa = XCBuildConfiguration;
			buildSettings = {
				ALWAYS_SEARCH_USER_PATHS = NO;
				ASSETCATALOG_COMPILER_GENERATE_SWIFT_ASSET_SYMBOL_EXTENSIONS = YES;
				CLANG_ANALYZER_NONNULL = YES;
				CLANG_ANALYZER_NUMBER_OBJECT_CONVERSION = YES_AGGRESSIVE;
				CLANG_CXX_LANGUAGE_STANDARD = "gnu++20";
				CLANG_ENABLE_MODULES = YES;
				CLANG_ENABLE_OBJC_ARC = YES;
				CLANG_ENABLE_OBJC_WEAK = YES;
				CLANG_WARN_BLOCK_CAPTURE_AUTORELEASING = YES;
				CLANG_WARN_BOOL_CONVERSION = YES;
				CLANG_WARN_COMMA = YES;
				CLANG_WARN_CONSTANT_CONVERSION = YES;
				CLANG_WARN_DEPRECATED_OBJC_IMPLEMENTATIONS = YES;
				CLANG_WARN_DIRECT_OBJC_ISA_USAGE = YES_ERROR;
				CLANG_WARN_DOCUMENTATION_COMMENTS = YES;
				CLANG_WARN_EMPTY_BODY = YES;
				CLANG_WARN_ENUM_CONVERSION = YES;
				CLANG_WARN_INFINITE_RECURSION = YES;
				CLANG_WARN_INT_CONVERSION = YES;
				CLANG_WARN_NON_LITERAL_NULL_CONVERSION = YES;
				CLANG_WARN_OBJC_IMPLICIT_RETAIN_SELF = YES;
				CLANG_WARN_OBJC_LITERAL_CONVERSION = YES;
				CLANG_WARN_OBJC_ROOT_CLASS = YES_ERROR;
				CLANG_WARN_QUOTED_INCLUDE_IN_FRAMEWORK_HEADER = YES;
				CLANG_WARN_RANGE_LOOP_ANALYSIS = YES;
				CLANG_WARN_STRICT_PROTOTYPES = YES;
				CLANG_WARN_SUSPICIOUS_MOVE = YES;
				CLANG_WARN_UNGUARDED_AVAILABILITY = YES_AGGRESSIVE;
				CLANG_WARN_UNREACHABLE_CODE = YES;
				CLANG_WARN__DUPLICATE_METHOD_MATCH = YES;
				COPY_PHASE_STRIP = NO;
				DEBUG_INFORMATION_FORMAT = dwarf;
				ENABLE_STRICT_OBJC_MSGSEND = YES;
				ENABLE_TESTABILITY = YES;
				ENABLE_USER_SCRIPT_SANDBOXING = YES;
				GCC_C_LANGUAGE_STANDARD = gnu17;
				GCC_DYNAMIC_NO_PIC = NO;
				GCC_NO_COMMON_BLOCKS = YES;
				GCC_OPTIMIZATION_LEVEL = 0;
				GCC_PREPROCESSOR_DEFINITIONS = (
					"DEBUG=1",
					"$(inherited)",
				);
				GCC_WARN_64_TO_32_BIT_CONVERSION = YES;
				GCC_WARN_ABOUT_RETURN_TYPE = YES_ERROR;
				GCC_WARN_UNDECLARED_SELECTOR = YES;
				GCC_WARN_UNINITIALIZED_AUTOS = YES_AGGRESSIVE;
				GCC_WARN_UNUSED_FUNCTION = YES;
				GCC_WARN_UNUSED_VARIABLE = YES;
				LOCALIZATION_PREFERS_STRING_CATALOGS = YES;
				MACOSX_DEPLOYMENT_TARGET = 15.0;
				MTL_ENABLE_DEBUG_INFO = INCLUDE_SOURCE;
				MTL_FAST_MATH = YES;
				ONLY_ACTIVE_ARCH = YES;
				SDKROOT = macosx;
				SWIFT_ACTIVE_COMPILATION_CONDITIONS = "DEBUG $(inherited)";
				SWIFT_OPTIMIZATION_LEVEL = "-Onone";
			};
			name = Debug;
		};
		96805D6C2D0CFB00001075B4 /* Release */ = {
			isa = XCBuildConfiguration;
			buildSettings = {
				ALWAYS_SEARCH_USER_PATHS = NO;
				ASSETCATALOG_COMPILER_GENERATE_SWIFT_ASSET_SYMBOL_EXTENSIONS = YES;
				CLANG_ANALYZER_NONNULL = YES;
				CLANG_ANALYZER_NUMBER_OBJECT_CONVERSION = YES_AGGRESSIVE;
				CLANG_CXX_LANGUAGE_STANDARD = "gnu++20";
				CLANG_ENABLE_MODULES = YES;
				CLANG_ENABLE_OBJC_ARC = YES;
				CLANG_ENABLE_OBJC_WEAK = YES;
				CLANG_WARN_BLOCK_CAPTURE_AUTORELEASING = YES;
				CLANG_WARN_BOOL_CONVERSION = YES;
				CLANG_WARN_COMMA = YES;
				CLANG_WARN_CONSTANT_CONVERSION = YES;
				CLANG_WARN_DEPRECATED_OBJC_IMPLEMENTATIONS = YES;
				CLANG_WARN_DIRECT_OBJC_ISA_USAGE = YES_ERROR;
				CLANG_WARN_DOCUMENTATION_COMMENTS = YES;
				CLANG_WARN_EMPTY_BODY = YES;
				CLANG_WARN_ENUM_CONVERSION = YES;
				CLANG_WARN_INFINITE_RECURSION = YES;
				CLANG_WARN_INT_CONVERSION = YES;
				CLANG_WARN_NON_LITERAL_NULL_CONVERSION = YES;
				CLANG_WARN_OBJC_IMPLICIT_RETAIN_SELF = YES;
				CLANG_WARN_OBJC_LITERAL_CONVERSION = YES;
				CLANG_WARN_OBJC_ROOT_CLASS = YES_ERROR;
				CLANG_WARN_QUOTED_INCLUDE_IN_FRAMEWORK_HEADER = YES;
				CLANG_WARN_RANGE_LOOP_ANALYSIS = YES;
				CLANG_WARN_STRICT_PROTOTYPES = YES;
				CLANG_WARN_SUSPICIOUS_MOVE = YES;
				CLANG_WARN_UNGUARDED_AVAILABILITY = YES_AGGRESSIVE;
				CLANG_WARN_UNREACHABLE_CODE = YES;
				CLANG_WARN__DUPLICATE_METHOD_MATCH = YES;
				COPY_PHASE_STRIP = NO;
				DEBUG_INFORMATION_FORMAT = "dwarf-with-dsym";
				ENABLE_NS_ASSERTIONS = NO;
				ENABLE_STRICT_OBJC_MSGSEND = YES;
				ENABLE_USER_SCRIPT_SANDBOXING = YES;
				GCC_C_LANGUAGE_STANDARD = gnu17;
				GCC_NO_COMMON_BLOCKS = YES;
				GCC_WARN_64_TO_32_BIT_CONVERSION = YES;
				GCC_WARN_ABOUT_RETURN_TYPE = YES_ERROR;
				GCC_WARN_UNDECLARED_SELECTOR = YES;
				GCC_WARN_UNINITIALIZED_AUTOS = YES_AGGRESSIVE;
				GCC_WARN_UNUSED_FUNCTION = YES;
				GCC_WARN_UNUSED_VARIABLE = YES;
				LOCALIZATION_PREFERS_STRING_CATALOGS = YES;
				MACOSX_DEPLOYMENT_TARGET = 15.0;
				MTL_ENABLE_DEBUG_INFO = NO;
				MTL_FAST_MATH = YES;
				SDKROOT = macosx;
				SWIFT_COMPILATION_MODE = wholemodule;
			};
			name = Release;
		};
		96805D6E2D0CFB00001075B4 /* Debug */ = {
			isa = XCBuildConfiguration;
			buildSettings = {
				ASSETCATALOG_COMPILER_APPICON_NAME = AppIcon;
				ASSETCATALOG_COMPILER_GLOBAL_ACCENT_COLOR_NAME = AccentColor;
				CODE_SIGN_ENTITLEMENTS = MusicWall/MusicWall.entitlements;
				CODE_SIGN_STYLE = Automatic;
				COMBINE_HIDPI_IMAGES = YES;
				CURRENT_PROJECT_VERSION = 1;
				DEVELOPMENT_ASSET_PATHS = "\"MusicWall/Preview Content\"";
				ENABLE_PREVIEWS = YES;
				GENERATE_INFOPLIST_FILE = YES;
				INFOPLIST_FILE = MusicWall/Info.plist;
				INFOPLIST_KEY_NSHumanReadableCopyright = "";
				LD_RUNPATH_SEARCH_PATHS = (
					"$(inherited)",
					"@executable_path/../Frameworks",
				);
				MACOSX_DEPLOYMENT_TARGET = 15.0;
				MARKETING_VERSION = 1.0;
				PRODUCT_BUNDLE_IDENTIFIER = it.gir8.MusicWall;
				PRODUCT_NAME = "$(TARGET_NAME)";
				SWIFT_EMIT_LOC_STRINGS = YES;
				SWIFT_VERSION = 5.0;
			};
			name = Debug;
		};
		96805D6F2D0CFB00001075B4 /* Release */ = {
			isa = XCBuildConfiguration;
			buildSettings = {
				ASSETCATALOG_COMPILER_APPICON_NAME = AppIcon;
				ASSETCATALOG_COMPILER_GLOBAL_ACCENT_COLOR_NAME = AccentColor;
				CODE_SIGN_ENTITLEMENTS = MusicWall/MusicWall.entitlements;
				CODE_SIGN_STYLE = Automatic;
				COMBINE_HIDPI_IMAGES = YES;
				CURRENT_PROJECT_VERSION = 1;
				DEVELOPMENT_ASSET_PATHS = "\"MusicWall/Preview Content\"";
				ENABLE_PREVIEWS = YES;
				GENERATE_INFOPLIST_FILE = YES;
				INFOPLIST_FILE = MusicWall/Info.plist;
				INFOPLIST_KEY_NSHumanReadableCopyright = "";
				LD_RUNPATH_SEARCH_PATHS = (
					"$(inherited)",
					"@executable_path/../Frameworks",
				);
				MACOSX_DEPLOYMENT_TARGET = 15.0;
				MARKETING_VERSION = 1.0;
				PRODUCT_BUNDLE_IDENTIFIER = it.gir8.MusicWall;
				PRODUCT_NAME = "$(TARGET_NAME)";
				SWIFT_EMIT_LOC_STRINGS = YES;
				SWIFT_VERSION = 5.0;
			};
			name = Release;
		};
		96805D712D0CFB00001075B4 /* Debug */ = {
			isa = XCBuildConfiguration;
			buildSettings = {
				BUNDLE_LOADER = "$(TEST_HOST)";
				CODE_SIGN_STYLE = Automatic;
				CURRENT_PROJECT_VERSION = 1;
				GENERATE_INFOPLIST_FILE = YES;
				MACOSX_DEPLOYMENT_TARGET = 15.0;
				MARKETING_VERSION = 1.0;
				PRODUCT_BUNDLE_IDENTIFIER = it.gir8.MusicWallTests;
				PRODUCT_NAME = "$(TARGET_NAME)";
				SWIFT_EMIT_LOC_STRINGS = NO;
				SWIFT_VERSION = 5.0;
				TEST_HOST = "$(BUILT_PRODUCTS_DIR)/MusicWall.app/$(BUNDLE_EXECUTABLE_FOLDER_PATH)/MusicWall";
			};
			name = Debug;
		};
		96805D722D0CFB00001075B4 /* Release */ = {
			isa = XCBuildConfiguration;
			buildSettings = {
				BUNDLE_LOADER = "$(TEST_HOST)";
				CODE_SIGN_STYLE = Automatic;
				CURRENT_PROJECT_VERSION = 1;
				GENERATE_INFOPLIST_FILE = YES;
				MACOSX_DEPLOYMENT_TARGET = 15.0;
				MARKETING_VERSION = 1.0;
				PRODUCT_BUNDLE_IDENTIFIER = it.gir8.MusicWallTests;
				PRODUCT_NAME = "$(TARGET_NAME)";
				SWIFT_EMIT_LOC_STRINGS = NO;
				SWIFT_VERSION = 5.0;
				TEST_HOST = "$(BUILT_PRODUCTS_DIR)/MusicWall.app/$(BUNDLE_EXECUTABLE_FOLDER_PATH)/MusicWall";
			};
			name = Release;
		};
		96805D742D0CFB00001075B4 /* Debug */ = {
			isa = XCBuildConfiguration;
			buildSettings = {
				CODE_SIGN_STYLE = Automatic;
				CURRENT_PROJECT_VERSION = 1;
				GENERATE_INFOPLIST_FILE = YES;
				MARKETING_VERSION = 1.0;
				PRODUCT_BUNDLE_IDENTIFIER = it.gir8.MusicWallUITests;
				PRODUCT_NAME = "$(TARGET_NAME)";
				SWIFT_EMIT_LOC_STRINGS = NO;
				SWIFT_VERSION = 5.0;
				TEST_TARGET_NAME = MusicWall;
			};
			name = Debug;
		};
		96805D752D0CFB00001075B4 /* Release */ = {
			isa = XCBuildConfiguration;
			buildSettings = {
				CODE_SIGN_STYLE = Automatic;
				CURRENT_PROJECT_VERSION = 1;
				GENERATE_INFOPLIST_FILE = YES;
				MARKETING_VERSION = 1.0;
				PRODUCT_BUNDLE_IDENTIFIER = it.gir8.MusicWallUITests;
				PRODUCT_NAME = "$(TARGET_NAME)";
				SWIFT_EMIT_LOC_STRINGS = NO;
				SWIFT_VERSION = 5.0;
				TEST_TARGET_NAME = MusicWall;
			};
			name = Release;
		};
/* End XCBuildConfiguration section */

/* Begin XCConfigurationList section */
		96805D432D0CFAFE001075B4 /* Build configuration list for PBXProject "MusicWall" */ = {
			isa = XCConfigurationList;
			buildConfigurations = (
				96805D6B2D0CFB00001075B4 /* Debug */,
				96805D6C2D0CFB00001075B4 /* Release */,
			);
			defaultConfigurationIsVisible = 0;
			defaultConfigurationName = Release;
		};
		96805D6D2D0CFB00001075B4 /* Build configuration list for PBXNativeTarget "MusicWall" */ = {
			isa = XCConfigurationList;
			buildConfigurations = (
				96805D6E2D0CFB00001075B4 /* Debug */,
				96805D6F2D0CFB00001075B4 /* Release */,
			);
			defaultConfigurationIsVisible = 0;
			defaultConfigurationName = Release;
		};
		96805D702D0CFB00001075B4 /* Build configuration list for PBXNativeTarget "MusicWallTests" */ = {
			isa = XCConfigurationList;
			buildConfigurations = (
				96805D712D0CFB00001075B4 /* Debug */,
				96805D722D0CFB00001075B4 /* Release */,
			);
			defaultConfigurationIsVisible = 0;
			defaultConfigurationName = Release;
		};
		96805D732D0CFB00001075B4 /* Build configuration list for PBXNativeTarget "MusicWallUITests" */ = {
			isa = XCConfigurationList;
			buildConfigurations = (
				96805D742D0CFB00001075B4 /* Debug */,
				96805D752D0CFB00001075B4 /* Release */,
			);
			defaultConfigurationIsVisible = 0;
			defaultConfigurationName = Release;
		};
/* End XCConfigurationList section */
	};
	rootObject = 96805D402D0CFAFE001075B4 /* Project object */;
}
